" Generated by vim-plug
" Tue Jun 11 12:48:36 2019
" :source this file in vim to restore the snapshot
" or execute: vim -S snapshot.vim

silent! let g:plugs['Apprentice'].commit = '9696c40'
silent! let g:plugs['Dockerfile.vim'].commit = 'f647f90'
silent! let g:plugs['SimpylFold'].commit = 'aa0371d'
silent! let g:plugs['ale'].commit = '80ab12c7'
silent! let g:plugs['ayu-vim'].commit = '4c418ff'
silent! let g:plugs['ctrlp.vim'].commit = '2e773fd'
silent! let g:plugs['delimitMate'].commit = '728b57a'
silent! let g:plugs['deoplete.nvim'].commit = '3e22aab'
silent! let g:plugs['emmet-vim'].commit = '24fbb0a'
silent! let g:plugs['gruvbox'].commit = '6618b44'
silent! let g:plugs['jedi-vim'].commit = '69aa410'
silent! let g:plugs['jellybeans.vim'].commit = 'ddf78cf'
silent! let g:plugs['neosnippet'].commit = 'ed80ae8'
silent! let g:plugs['neosnippet-snippets'].commit = 'c5bb921'
silent! let g:plugs['nerdcommenter'].commit = '17cec97'
silent! let g:plugs['nerdtree'].commit = '28eb47e'
silent! let g:plugs['palenight.vim'].commit = '3132a9f'
silent! let g:plugs['papercolor-theme'].commit = '1296083'
silent! let g:plugs['semshi'].commit = 'e387702'
silent! let g:plugs['seoul256.vim'].commit = '1475b76'
silent! let g:plugs['syntastic'].commit = '11aa21e'
silent! let g:plugs['tagbar'].commit = '387bbad'
silent! let g:plugs['typescript-vim'].commit = '7704fac'
silent! let g:plugs['vim-airline'].commit = '28453d7'
silent! let g:plugs['vim-buffergator'].commit = '947b60d'
silent! let g:plugs['vim-colors-solarized'].commit = '528a59f'
silent! let g:plugs['vim-javascript'].commit = 'ee44580'
silent! let g:plugs['vim-json'].commit = '3727f08'
silent! let g:plugs['vim-jsx'].commit = 'ffc0bfd'
silent! let g:plugs['vim-kalisi'].commit = '8d076bd'
silent! let g:plugs['vim-material'].commit = '4480610'
silent! let g:plugs['vim-misc'].commit = '3e6b8fb'
silent! let g:plugs['vim-pandoc'].commit = '11e86de'
silent! let g:plugs['vim-pandoc-syntax'].commit = '14c778e'
silent! let g:plugs['vim-polyglot'].commit = '2edc785'
silent! let g:plugs['vim-surround'].commit = 'ca58a2d'
silent! let g:plugs['vim-tmux-navigator'].commit = '4e1a877'
silent! let g:plugs['vim-tungsten'].commit = '20d83ef'

PlugUpdate!

